
Microsoft Visual Studio Solution File, Format Version 12.00
# Visual Studio 2012
Project("{8BC9CEB8-8B4A-11D0-8D11-00A0C91BC942}") = "SyncBuilder", "src\SyncBuilder.vcxproj", "{98B4EECE-5C9A-4E2C-8571-19E006268FCD}"
	ProjectSection(ProjectDependencies) = postProject
		{2DE1DF52-DD0C-42E7-A7E4-5093C8F268BD} = {2DE1DF52-DD0C-42E7-A7E4-5093C8F268BD}
		{1C691AC7-A516-4F03-913F-7BE0D2D60991} = {1C691AC7-A516-4F03-913F-7BE0D2D60991}
	EndProjectSection
EndProject
Project("{8BC9CEB8-8B4A-11D0-8D11-00A0C91BC942}") = "libextc", "ExternalCaller\src\libextc\libextc.vcxproj", "{1C691AC7-A516-4F03-913F-7BE0D2D60991}"
EndProject
Project("{8BC9CEB8-8B4A-11D0-8D11-00A0C91BC942}") = "libsqlite", "libsqlite\libsqlite.vcxproj", "{2DE1DF52-DD0C-42E7-A7E4-5093C8F268BD}"
EndProject
Global
	GlobalSection(SolutionConfigurationPlatforms) = preSolution
		CDebug|Win32 = CDebug|Win32
		CDebug|x64 = CDebug|x64
		CmdDebug|Win32 = CmdDebug|Win32
		CmdDebug|x64 = CmdDebug|x64
		Debug|Win32 = Debug|Win32
		Debug|x64 = Debug|x64
		DebugService|Win32 = DebugService|Win32
		DebugService|x64 = DebugService|x64
		Release|Win32 = Release|Win32
		Release|x64 = Release|x64
		ReleaseService|Win32 = ReleaseService|Win32
		ReleaseService|x64 = ReleaseService|x64
		SDebug|Win32 = SDebug|Win32
		SDebug|x64 = SDebug|x64
	EndGlobalSection
	GlobalSection(ProjectConfigurationPlatforms) = postSolution
		{98B4EECE-5C9A-4E2C-8571-19E006268FCD}.CDebug|Win32.ActiveCfg = CDebug|Win32
		{98B4EECE-5C9A-4E2C-8571-19E006268FCD}.CDebug|Win32.Build.0 = CDebug|Win32
		{98B4EECE-5C9A-4E2C-8571-19E006268FCD}.CDebug|x64.ActiveCfg = CDebug|x64
		{98B4EECE-5C9A-4E2C-8571-19E006268FCD}.CDebug|x64.Build.0 = CDebug|x64
		{98B4EECE-5C9A-4E2C-8571-19E006268FCD}.CmdDebug|Win32.ActiveCfg = CmdDebug|Win32
		{98B4EECE-5C9A-4E2C-8571-19E006268FCD}.CmdDebug|Win32.Build.0 = CmdDebug|Win32
		{98B4EECE-5C9A-4E2C-8571-19E006268FCD}.CmdDebug|x64.ActiveCfg = CmdDebug|x64
		{98B4EECE-5C9A-4E2C-8571-19E006268FCD}.CmdDebug|x64.Build.0 = CmdDebug|x64
		{98B4EECE-5C9A-4E2C-8571-19E006268FCD}.Debug|Win32.ActiveCfg = Debug|Win32
		{98B4EECE-5C9A-4E2C-8571-19E006268FCD}.Debug|Win32.Build.0 = Debug|Win32
		{98B4EECE-5C9A-4E2C-8571-19E006268FCD}.Debug|x64.ActiveCfg = Debug|x64
		{98B4EECE-5C9A-4E2C-8571-19E006268FCD}.Debug|x64.Build.0 = Debug|x64
		{98B4EECE-5C9A-4E2C-8571-19E006268FCD}.DebugService|Win32.ActiveCfg = DebugService|Win32
		{98B4EECE-5C9A-4E2C-8571-19E006268FCD}.DebugService|Win32.Build.0 = DebugService|Win32
		{98B4EECE-5C9A-4E2C-8571-19E006268FCD}.DebugService|x64.ActiveCfg = DebugService|x64
		{98B4EECE-5C9A-4E2C-8571-19E006268FCD}.DebugService|x64.Build.0 = DebugService|x64
		{98B4EECE-5C9A-4E2C-8571-19E006268FCD}.Release|Win32.ActiveCfg = Release|Win32
		{98B4EECE-5C9A-4E2C-8571-19E006268FCD}.Release|Win32.Build.0 = Release|Win32
		{98B4EECE-5C9A-4E2C-8571-19E006268FCD}.Release|x64.ActiveCfg = Release|x64
		{98B4EECE-5C9A-4E2C-8571-19E006268FCD}.Release|x64.Build.0 = Release|x64
		{98B4EECE-5C9A-4E2C-8571-19E006268FCD}.ReleaseService|Win32.ActiveCfg = ReleaseService|Win32
		{98B4EECE-5C9A-4E2C-8571-19E006268FCD}.ReleaseService|Win32.Build.0 = ReleaseService|Win32
		{98B4EECE-5C9A-4E2C-8571-19E006268FCD}.ReleaseService|x64.ActiveCfg = ReleaseService|x64
		{98B4EECE-5C9A-4E2C-8571-19E006268FCD}.ReleaseService|x64.Build.0 = ReleaseService|x64
		{98B4EECE-5C9A-4E2C-8571-19E006268FCD}.SDebug|Win32.ActiveCfg = SDebug|Win32
		{98B4EECE-5C9A-4E2C-8571-19E006268FCD}.SDebug|Win32.Build.0 = SDebug|Win32
		{98B4EECE-5C9A-4E2C-8571-19E006268FCD}.SDebug|x64.ActiveCfg = SDebug|x64
		{98B4EECE-5C9A-4E2C-8571-19E006268FCD}.SDebug|x64.Build.0 = SDebug|x64
		{1C691AC7-A516-4F03-913F-7BE0D2D60991}.CDebug|Win32.ActiveCfg = Debug|Win32
		{1C691AC7-A516-4F03-913F-7BE0D2D60991}.CDebug|Win32.Build.0 = Debug|Win32
		{1C691AC7-A516-4F03-913F-7BE0D2D60991}.CDebug|x64.ActiveCfg = Debug|Win32
		{1C691AC7-A516-4F03-913F-7BE0D2D60991}.CmdDebug|Win32.ActiveCfg = Debug|Win32
		{1C691AC7-A516-4F03-913F-7BE0D2D60991}.CmdDebug|Win32.Build.0 = Debug|Win32
		{1C691AC7-A516-4F03-913F-7BE0D2D60991}.CmdDebug|x64.ActiveCfg = Debug|Win32
		{1C691AC7-A516-4F03-913F-7BE0D2D60991}.Debug|Win32.ActiveCfg = Debug|Win32
		{1C691AC7-A516-4F03-913F-7BE0D2D60991}.Debug|Win32.Build.0 = Debug|Win32
		{1C691AC7-A516-4F03-913F-7BE0D2D60991}.Debug|x64.ActiveCfg = Debug|Win32
		{1C691AC7-A516-4F03-913F-7BE0D2D60991}.DebugService|Win32.ActiveCfg = Debug|Win32
		{1C691AC7-A516-4F03-913F-7BE0D2D60991}.DebugService|Win32.Build.0 = Debug|Win32
		{1C691AC7-A516-4F03-913F-7BE0D2D60991}.DebugService|x64.ActiveCfg = Debug|Win32
		{1C691AC7-A516-4F03-913F-7BE0D2D60991}.Release|Win32.ActiveCfg = Release|Win32
		{1C691AC7-A516-4F03-913F-7BE0D2D60991}.Release|Win32.Build.0 = Release|Win32
		{1C691AC7-A516-4F03-913F-7BE0D2D60991}.Release|x64.ActiveCfg = Release|Win32
		{1C691AC7-A516-4F03-913F-7BE0D2D60991}.ReleaseService|Win32.ActiveCfg = Release|Win32
		{1C691AC7-A516-4F03-913F-7BE0D2D60991}.ReleaseService|Win32.Build.0 = Release|Win32
		{1C691AC7-A516-4F03-913F-7BE0D2D60991}.ReleaseService|x64.ActiveCfg = Release|Win32
		{1C691AC7-A516-4F03-913F-7BE0D2D60991}.SDebug|Win32.ActiveCfg = Debug|Win32
		{1C691AC7-A516-4F03-913F-7BE0D2D60991}.SDebug|Win32.Build.0 = Debug|Win32
		{1C691AC7-A516-4F03-913F-7BE0D2D60991}.SDebug|x64.ActiveCfg = Debug|Win32
		{2DE1DF52-DD0C-42E7-A7E4-5093C8F268BD}.CDebug|Win32.ActiveCfg = Debug|Win32
		{2DE1DF52-DD0C-42E7-A7E4-5093C8F268BD}.CDebug|Win32.Build.0 = Debug|Win32
		{2DE1DF52-DD0C-42E7-A7E4-5093C8F268BD}.CDebug|x64.ActiveCfg = Debug|Win32
		{2DE1DF52-DD0C-42E7-A7E4-5093C8F268BD}.CmdDebug|Win32.ActiveCfg = Debug|Win32
		{2DE1DF52-DD0C-42E7-A7E4-5093C8F268BD}.CmdDebug|Win32.Build.0 = Debug|Win32
		{2DE1DF52-DD0C-42E7-A7E4-5093C8F268BD}.CmdDebug|x64.ActiveCfg = Debug|Win32
		{2DE1DF52-DD0C-42E7-A7E4-5093C8F268BD}.Debug|Win32.ActiveCfg = Debug|Win32
		{2DE1DF52-DD0C-42E7-A7E4-5093C8F268BD}.Debug|Win32.Build.0 = Debug|Win32
		{2DE1DF52-DD0C-42E7-A7E4-5093C8F268BD}.Debug|x64.ActiveCfg = Debug|Win32
		{2DE1DF52-DD0C-42E7-A7E4-5093C8F268BD}.DebugService|Win32.ActiveCfg = Debug|Win32
		{2DE1DF52-DD0C-42E7-A7E4-5093C8F268BD}.DebugService|Win32.Build.0 = Debug|Win32
		{2DE1DF52-DD0C-42E7-A7E4-5093C8F268BD}.DebugService|x64.ActiveCfg = Debug|Win32
		{2DE1DF52-DD0C-42E7-A7E4-5093C8F268BD}.Release|Win32.ActiveCfg = Release|Win32
		{2DE1DF52-DD0C-42E7-A7E4-5093C8F268BD}.Release|Win32.Build.0 = Release|Win32
		{2DE1DF52-DD0C-42E7-A7E4-5093C8F268BD}.Release|x64.ActiveCfg = Release|Win32
		{2DE1DF52-DD0C-42E7-A7E4-5093C8F268BD}.ReleaseService|Win32.ActiveCfg = Release|Win32
		{2DE1DF52-DD0C-42E7-A7E4-5093C8F268BD}.ReleaseService|Win32.Build.0 = Release|Win32
		{2DE1DF52-DD0C-42E7-A7E4-5093C8F268BD}.ReleaseService|x64.ActiveCfg = Release|Win32
		{2DE1DF52-DD0C-42E7-A7E4-5093C8F268BD}.SDebug|Win32.ActiveCfg = Debug|Win32
		{2DE1DF52-DD0C-42E7-A7E4-5093C8F268BD}.SDebug|Win32.Build.0 = Debug|Win32
		{2DE1DF52-DD0C-42E7-A7E4-5093C8F268BD}.SDebug|x64.ActiveCfg = Debug|Win32
	EndGlobalSection
	GlobalSection(SolutionProperties) = preSolution
		HideSolutionNode = FALSE
	EndGlobalSection
EndGlobal
